
Microsoft Visual Studio Solution File, Format Version 12.00
# Visual Studio Version 17
VisualStudioVersion = 17.8.34511.84
MinimumVisualStudioVersion = 10.0.40219.1
Project("{2150E333-8FDC-42A3-9474-1A3956D46DE8}") = "Services", "Services", "{0DE6DA87-6EF9-4CCF-91C5-DE42B10349CE}"
EndProject
Project("{2150E333-8FDC-42A3-9474-1A3956D46DE8}") = "Catalog", "Catalog", "{82F47D02-C4A2-48F9-B217-6D6029DB388A}"
EndProject
Project("{9A19103F-16F7-4668-BE54-9A1E7A4F7556}") = "Catalog.API", "Services\Catalog\CatalogAPI\Catalog.API.csproj", "{D670E9A6-54DD-4822-8760-44F9DC5BA715}"
EndProject
Project("{2150E333-8FDC-42A3-9474-1A3956D46DE8}") = "BuildingBlocks", "BuildingBlocks", "{DB829200-E56D-4A8F-A7D5-654856A288D0}"
EndProject
Project("{9A19103F-16F7-4668-BE54-9A1E7A4F7556}") = "BuildingBlocks", "BuildingBlocks\BuildingBlocks\BuildingBlocks.csproj", "{D8EE0103-453A-4A84-BB8A-C6213B25B1B8}"
EndProject
Project("{E53339B2-1760-4266-BCC7-CA923CBCF16C}") = "docker-compose", "docker-compose.dcproj", "{314E193C-930B-4AB7-B6CD-5C7906404BFD}"
EndProject
Project("{FAE04EC0-301F-11D3-BF4B-00C04F79EFBC}") = "Basket.API", "Services\Basket\Basket.API\Basket.API.csproj", "{DE5C6AAD-7799-49E8-81AE-2DEBA284EC70}"
EndProject
Global
	GlobalSection(SolutionConfigurationPlatforms) = preSolution
		Debug|Any CPU = Debug|Any CPU
		Release|Any CPU = Release|Any CPU
	EndGlobalSection
	GlobalSection(ProjectConfigurationPlatforms) = postSolution
		{D670E9A6-54DD-4822-8760-44F9DC5BA715}.Debug|Any CPU.ActiveCfg = Debug|Any CPU
		{D670E9A6-54DD-4822-8760-44F9DC5BA715}.Debug|Any CPU.Build.0 = Debug|Any CPU
		{D670E9A6-54DD-4822-8760-44F9DC5BA715}.Release|Any CPU.ActiveCfg = Release|Any CPU
		{D670E9A6-54DD-4822-8760-44F9DC5BA715}.Release|Any CPU.Build.0 = Release|Any CPU
		{D8EE0103-453A-4A84-BB8A-C6213B25B1B8}.Debug|Any CPU.ActiveCfg = Debug|Any CPU
		{D8EE0103-453A-4A84-BB8A-C6213B25B1B8}.Debug|Any CPU.Build.0 = Debug|Any CPU
		{D8EE0103-453A-4A84-BB8A-C6213B25B1B8}.Release|Any CPU.ActiveCfg = Release|Any CPU
		{D8EE0103-453A-4A84-BB8A-C6213B25B1B8}.Release|Any CPU.Build.0 = Release|Any CPU
		{314E193C-930B-4AB7-B6CD-5C7906404BFD}.Debug|Any CPU.ActiveCfg = Debug|Any CPU
		{314E193C-930B-4AB7-B6CD-5C7906404BFD}.Debug|Any CPU.Build.0 = Debug|Any CPU
		{314E193C-930B-4AB7-B6CD-5C7906404BFD}.Release|Any CPU.ActiveCfg = Release|Any CPU
		{314E193C-930B-4AB7-B6CD-5C7906404BFD}.Release|Any CPU.Build.0 = Release|Any CPU
		{DE5C6AAD-7799-49E8-81AE-2DEBA284EC70}.Debug|Any CPU.ActiveCfg = Debug|Any CPU
		{DE5C6AAD-7799-49E8-81AE-2DEBA284EC70}.Debug|Any CPU.Build.0 = Debug|Any CPU
		{DE5C6AAD-7799-49E8-81AE-2DEBA284EC70}.Release|Any CPU.ActiveCfg = Release|Any CPU
		{DE5C6AAD-7799-49E8-81AE-2DEBA284EC70}.Release|Any CPU.Build.0 = Release|Any CPU
	EndGlobalSection
	GlobalSection(SolutionProperties) = preSolution
		HideSolutionNode = FALSE
	EndGlobalSection
	GlobalSection(NestedProjects) = preSolution
		{82F47D02-C4A2-48F9-B217-6D6029DB388A} = {0DE6DA87-6EF9-4CCF-91C5-DE42B10349CE}
		{D670E9A6-54DD-4822-8760-44F9DC5BA715} = {82F47D02-C4A2-48F9-B217-6D6029DB388A}
		{D8EE0103-453A-4A84-BB8A-C6213B25B1B8} = {DB829200-E56D-4A8F-A7D5-654856A288D0}
		{DE5C6AAD-7799-49E8-81AE-2DEBA284EC70} = {0DE6DA87-6EF9-4CCF-91C5-DE42B10349CE}
	EndGlobalSection
	GlobalSection(ExtensibilityGlobals) = postSolution
		SolutionGuid = {FB89E6EE-35B6-499E-AE5D-BAFB6C2C4388}
	EndGlobalSection
EndGlobal
